
Microsoft Visual Studio Solution File, Format Version 10.00
# Visual Studio 2008
Project("{FAE04EC0-301F-11D3-BF4B-00C04F79EFBC}") = "KTibiaX.MapViewer", "KTibiaX.MapViewer.csproj", "{02B3C6F9-7EEC-4F04-9306-4D9EDC1D5F49}"
EndProject
Project("{FAE04EC0-301F-11D3-BF4B-00C04F79EFBC}") = "Keyrox.Shared", "..\Keyrox.Shared\Keyrox.Shared.csproj", "{E60D87B4-FF44-4411-8E31-27B22BB35AA4}"
EndProject
Global
	GlobalSection(SolutionConfigurationPlatforms) = preSolution
		Debug|Any CPU = Debug|Any CPU
		Release|Any CPU = Release|Any CPU
	EndGlobalSection
	GlobalSection(ProjectConfigurationPlatforms) = postSolution
		{02B3C6F9-7EEC-4F04-9306-4D9EDC1D5F49}.Debug|Any CPU.ActiveCfg = Debug|Any CPU
		{02B3C6F9-7EEC-4F04-9306-4D9EDC1D5F49}.Debug|Any CPU.Build.0 = Debug|Any CPU
		{02B3C6F9-7EEC-4F04-9306-4D9EDC1D5F49}.Release|Any CPU.ActiveCfg = Release|Any CPU
		{02B3C6F9-7EEC-4F04-9306-4D9EDC1D5F49}.Release|Any CPU.Build.0 = Release|Any CPU
		{E60D87B4-FF44-4411-8E31-27B22BB35AA4}.Debug|Any CPU.ActiveCfg = Debug|Any CPU
		{E60D87B4-FF44-4411-8E31-27B22BB35AA4}.Debug|Any CPU.Build.0 = Debug|Any CPU
		{E60D87B4-FF44-4411-8E31-27B22BB35AA4}.Release|Any CPU.ActiveCfg = Release|Any CPU
		{E60D87B4-FF44-4411-8E31-27B22BB35AA4}.Release|Any CPU.Build.0 = Release|Any CPU
	EndGlobalSection
	GlobalSection(SolutionProperties) = preSolution
		HideSolutionNode = FALSE
	EndGlobalSection
EndGlobal
